
Microsoft Visual Studio Solution File, Format Version 12.00
# Visual Studio Version 17
VisualStudioVersion = 17.14.36121.58
MinimumVisualStudioVersion = 10.0.40219.1
Project("{FAE04EC0-301F-11D3-BF4B-00C04F79EFBC}") = "ToolTrack.Web", "ToolTrack.Web\ToolTrack.Web.csproj", "{B7CFE006-6498-482F-B2DA-EB8EEC7A4169}"
EndProject
Project("{FAE04EC0-301F-11D3-BF4B-00C04F79EFBC}") = "ToolTrack.Domain", "ToolTrack.Domain\ToolTrack.Domain.csproj", "{36C60123-2076-43CD-AA82-3DCF63026A68}"
EndProject
Project("{FAE04EC0-301F-11D3-BF4B-00C04F79EFBC}") = "ToolTrack.Infrastructure", "ToolTrack.Infrastructure\ToolTrack.Infrastructure.csproj", "{484BCBBD-C221-4625-A770-107F98A26547}"
EndProject
Global
	GlobalSection(SolutionConfigurationPlatforms) = preSolution
		Debug|Any CPU = Debug|Any CPU
		Release|Any CPU = Release|Any CPU
	EndGlobalSection
	GlobalSection(ProjectConfigurationPlatforms) = postSolution
		{B7CFE006-6498-482F-B2DA-EB8EEC7A4169}.Debug|Any CPU.ActiveCfg = Debug|Any CPU
		{B7CFE006-6498-482F-B2DA-EB8EEC7A4169}.Debug|Any CPU.Build.0 = Debug|Any CPU
		{B7CFE006-6498-482F-B2DA-EB8EEC7A4169}.Release|Any CPU.ActiveCfg = Release|Any CPU
		{B7CFE006-6498-482F-B2DA-EB8EEC7A4169}.Release|Any CPU.Build.0 = Release|Any CPU
		{36C60123-2076-43CD-AA82-3DCF63026A68}.Debug|Any CPU.ActiveCfg = Debug|Any CPU
		{36C60123-2076-43CD-AA82-3DCF63026A68}.Debug|Any CPU.Build.0 = Debug|Any CPU
		{36C60123-2076-43CD-AA82-3DCF63026A68}.Release|Any CPU.ActiveCfg = Release|Any CPU
		{36C60123-2076-43CD-AA82-3DCF63026A68}.Release|Any CPU.Build.0 = Release|Any CPU
		{484BCBBD-C221-4625-A770-107F98A26547}.Debug|Any CPU.ActiveCfg = Debug|Any CPU
		{484BCBBD-C221-4625-A770-107F98A26547}.Debug|Any CPU.Build.0 = Debug|Any CPU
		{484BCBBD-C221-4625-A770-107F98A26547}.Release|Any CPU.ActiveCfg = Release|Any CPU
		{484BCBBD-C221-4625-A770-107F98A26547}.Release|Any CPU.Build.0 = Release|Any CPU
	EndGlobalSection
	GlobalSection(SolutionProperties) = preSolution
		HideSolutionNode = FALSE
	EndGlobalSection
	GlobalSection(ExtensibilityGlobals) = postSolution
		SolutionGuid = {4AEB1450-D038-49BB-A836-4E97752E1EA6}
	EndGlobalSection
EndGlobal
